
Microsoft Visual Studio Solution File, Format Version 12.00
# Visual Studio 14
VisualStudioVersion = 14.0.24720.0
MinimumVisualStudioVersion = 10.0.40219.1
Project("{FAE04EC0-301F-11D3-BF4B-00C04F79EFBC}") = "mped_cs", "mped_cs\mped_cs.csproj", "{2BF2B6DB-7E80-404F-9943-CEF8AA60142E}"
EndProject
Project("{FAE04EC0-301F-11D3-BF4B-00C04F79EFBC}") = "mped_cs_tests", "mped_cs_tests\mped_cs_tests.csproj", "{06A2B7A0-C424-43DF-BD8D-1CC9C0977BD1}"
EndProject
Global
	GlobalSection(SolutionConfigurationPlatforms) = preSolution
		Debug|Any CPU = Debug|Any CPU
		Release|Any CPU = Release|Any CPU
	EndGlobalSection
	GlobalSection(ProjectConfigurationPlatforms) = postSolution
		{2BF2B6DB-7E80-404F-9943-CEF8AA60142E}.Debug|Any CPU.ActiveCfg = Debug|Any CPU
		{2BF2B6DB-7E80-404F-9943-CEF8AA60142E}.Debug|Any CPU.Build.0 = Debug|Any CPU
		{2BF2B6DB-7E80-404F-9943-CEF8AA60142E}.Release|Any CPU.ActiveCfg = Release|Any CPU
		{2BF2B6DB-7E80-404F-9943-CEF8AA60142E}.Release|Any CPU.Build.0 = Release|Any CPU
		{06A2B7A0-C424-43DF-BD8D-1CC9C0977BD1}.Debug|Any CPU.ActiveCfg = Debug|Any CPU
		{06A2B7A0-C424-43DF-BD8D-1CC9C0977BD1}.Debug|Any CPU.Build.0 = Debug|Any CPU
		{06A2B7A0-C424-43DF-BD8D-1CC9C0977BD1}.Release|Any CPU.ActiveCfg = Release|Any CPU
		{06A2B7A0-C424-43DF-BD8D-1CC9C0977BD1}.Release|Any CPU.Build.0 = Release|Any CPU
	EndGlobalSection
	GlobalSection(SolutionProperties) = preSolution
		HideSolutionNode = FALSE
	EndGlobalSection
EndGlobal
